
Microsoft Visual Studio Solution File, Format Version 12.00
# Visual Studio Version 17
VisualStudioVersion = 17.4.32804.182
MinimumVisualStudioVersion = 10.0.40219.1
Project("{9A19103F-16F7-4668-BE54-9A1E7A4F7556}") = "DiagnosticsSummary.Common", "DiagnosticsSummary.Common\DiagnosticsSummary.Common.csproj", "{ACEDE338-73CC-4DE2-900C-90965DD6CF4F}"
EndProject
Project("{9A19103F-16F7-4668-BE54-9A1E7A4F7556}") = "DiagnosticsSummary.ConsolePlayground", "DiagnosticsSummary.ConsolePlayground\DiagnosticsSummary.ConsolePlayground.csproj", "{82C16532-4179-4DAD-818D-E7DA3BFC87A2}"
EndProject
Project("{9A19103F-16F7-4668-BE54-9A1E7A4F7556}") = "DiagnosticsSummary.Client", "DiagnosticsSummary.Client\DiagnosticsSummary.Client.csproj", "{53032DD5-1C41-4113-8F80-212C2F8EAE9D}"
EndProject
Project("{FAE04EC0-301F-11D3-BF4B-00C04F79EFBC}") = "DiagnosticsSummary.DAL", "DiagnosticsSummary.DAL\DiagnosticsSummary.DAL.csproj", "{DBBD898D-CE15-4188-A9AE-59814AF6A97D}"
EndProject
Project("{FAE04EC0-301F-11D3-BF4B-00C04F79EFBC}") = "DiagnosticsSummary.Api", "DiagnosticsSummary.Api\DiagnosticsSummary.Api.csproj", "{FCE2B319-42B9-481C-99D3-405F05C016A6}"
EndProject
Global
	GlobalSection(SolutionConfigurationPlatforms) = preSolution
		Debug|Any CPU = Debug|Any CPU
		Release|Any CPU = Release|Any CPU
	EndGlobalSection
	GlobalSection(ProjectConfigurationPlatforms) = postSolution
		{ACEDE338-73CC-4DE2-900C-90965DD6CF4F}.Debug|Any CPU.ActiveCfg = Debug|Any CPU
		{ACEDE338-73CC-4DE2-900C-90965DD6CF4F}.Debug|Any CPU.Build.0 = Debug|Any CPU
		{ACEDE338-73CC-4DE2-900C-90965DD6CF4F}.Release|Any CPU.ActiveCfg = Release|Any CPU
		{ACEDE338-73CC-4DE2-900C-90965DD6CF4F}.Release|Any CPU.Build.0 = Release|Any CPU
		{82C16532-4179-4DAD-818D-E7DA3BFC87A2}.Debug|Any CPU.ActiveCfg = Debug|Any CPU
		{82C16532-4179-4DAD-818D-E7DA3BFC87A2}.Debug|Any CPU.Build.0 = Debug|Any CPU
		{82C16532-4179-4DAD-818D-E7DA3BFC87A2}.Release|Any CPU.ActiveCfg = Release|Any CPU
		{82C16532-4179-4DAD-818D-E7DA3BFC87A2}.Release|Any CPU.Build.0 = Release|Any CPU
		{53032DD5-1C41-4113-8F80-212C2F8EAE9D}.Debug|Any CPU.ActiveCfg = Debug|Any CPU
		{53032DD5-1C41-4113-8F80-212C2F8EAE9D}.Debug|Any CPU.Build.0 = Debug|Any CPU
		{53032DD5-1C41-4113-8F80-212C2F8EAE9D}.Release|Any CPU.ActiveCfg = Release|Any CPU
		{53032DD5-1C41-4113-8F80-212C2F8EAE9D}.Release|Any CPU.Build.0 = Release|Any CPU
		{DBBD898D-CE15-4188-A9AE-59814AF6A97D}.Debug|Any CPU.ActiveCfg = Debug|Any CPU
		{DBBD898D-CE15-4188-A9AE-59814AF6A97D}.Debug|Any CPU.Build.0 = Debug|Any CPU
		{DBBD898D-CE15-4188-A9AE-59814AF6A97D}.Release|Any CPU.ActiveCfg = Release|Any CPU
		{DBBD898D-CE15-4188-A9AE-59814AF6A97D}.Release|Any CPU.Build.0 = Release|Any CPU
		{FCE2B319-42B9-481C-99D3-405F05C016A6}.Debug|Any CPU.ActiveCfg = Debug|Any CPU
		{FCE2B319-42B9-481C-99D3-405F05C016A6}.Debug|Any CPU.Build.0 = Debug|Any CPU
		{FCE2B319-42B9-481C-99D3-405F05C016A6}.Release|Any CPU.ActiveCfg = Release|Any CPU
		{FCE2B319-42B9-481C-99D3-405F05C016A6}.Release|Any CPU.Build.0 = Release|Any CPU
	EndGlobalSection
	GlobalSection(SolutionProperties) = preSolution
		HideSolutionNode = FALSE
	EndGlobalSection
	GlobalSection(ExtensibilityGlobals) = postSolution
		SolutionGuid = {2C4D3336-ECCF-496A-BDE4-32C2E7BBE0EE}
	EndGlobalSection
EndGlobal
